<?xml version="1.0" encoding="utf-8"?>
<Project ToolsVersion="4.0" xmlns="http://schemas.microsoft.com/developer/msbuild/2003">
  <ItemGroup>
    <Filter Include="Source Files">
      <UniqueIdentifier>{4FC737F1-C7A5-4376-A066-2A32D752A2FF}</UniqueIdentifier>
      <Extensions>cpp;c;cc;cxx;c++;cppm;ixx;def;odl;idl;hpj;bat;asm;asmx</Extensions>
    </Filter>
    <Filter Include="Header Files">
      <UniqueIdentifier>{93995380-89BD-4b04-88EB-625FBE52EBFB}</UniqueIdentifier>
      <Extensions>h;hh;hpp;hxx;h++;hm;inl;inc;ipp;xsd</Extensions>
    </Filter>
    <Filter Include="Resource Files">
      <UniqueIdentifier>{67DA6AB6-F800-4c08-8B7A-83BB121AAD01}</UniqueIdentifier>
      <Extensions>rc;ico;cur;bmp;dlg;rc2;rct;bin;rgs;gif;jpg;jpeg;jpe;resx;tiff;tif;png;wav;mfcribbon-ms</Extensions>
    </Filter>
    <Filter Include="Source Files\Component">
      <UniqueIdentifier>{23be08d7-a2fa-4787-b596-dab354408f4d}</UniqueIdentifier>
    </Filter>
    <Filter Include="Source Files\Manager">
      <UniqueIdentifier>{9ee5015c-11c4-4361-86c1-7921332e9acf}</UniqueIdentifier>
    </Filter>
    <Filter Include="Source Files\Interfaces">
      <UniqueIdentifier>{2c1069ca-f85a-4e46-a683-a5d0e78b1821}</UniqueIdentifier>
    </Filter>
    <Filter Include="Source Files\Data">
      <UniqueIdentifier>{4ad02093-15b3-4c21-9df7-351e04ab7ce7}</UniqueIdentifier>
    </Filter>
    <Filter Include="Source Files\Misc">
      <UniqueIdentifier>{b9e7612d-c318-4488-8b71-0c94ac6de390}</UniqueIdentifier>
    </Filter>
    <Filter Include="Source Files\Entities">
      <UniqueIdentifier>{f30a42f4-321e-45e0-ad3e-62344a2db08e}</UniqueIdentifier>
    </Filter>
    <Filter Include="Source Files\MapRelated">
      <UniqueIdentifier>{4f979a13-524c-4b66-a72b-122212ff893c}</UniqueIdentifier>
    </Filter>
    <Filter Include="Source Files\Manager\InputManager">
      <UniqueIdentifier>{d31b2143-b94e-4cd7-af47-bf800f74468e}</UniqueIdentifier>
    </Filter>
    <Filter Include="Source Files\Manager\Camera">
      <UniqueIdentifier>{119918e8-41ea-4fdd-b6e4-81e7e3cae6d1}</UniqueIdentifier>
    </Filter>
    <Filter Include="Source Files\Entities\Tiles">
      <UniqueIdentifier>{2d1f9a6a-72cd-4467-8665-9d4964de12e0}</UniqueIdentifier>
    </Filter>
    <Filter Include="Source Files\Game">
      <UniqueIdentifier>{8f772689-6e87-48ed-b6e7-e7b53f717da0}</UniqueIdentifier>
    </Filter>
    <Filter Include="Source Files\Macro">
      <UniqueIdentifier>{d497b39e-0ddb-4f2b-8acf-a0d90049d289}</UniqueIdentifier>
    </Filter>
    <Filter Include="Source Files\Menu">
      <UniqueIdentifier>{f6f47193-4c3c-4b00-a3b2-9ef3d276c327}</UniqueIdentifier>
    </Filter>
    <Filter Include="Source Files\Manager\Music">
      <UniqueIdentifier>{b880e158-7a83-496b-a5b0-4bb3feab35b7}</UniqueIdentifier>
    </Filter>
    <Filter Include="Source Files\Game\Player">
      <UniqueIdentifier>{864bced8-6388-4f78-8790-cb7eb83a5d1e}</UniqueIdentifier>
    </Filter>
    <Filter Include="Source Files\Manager\Sound">
      <UniqueIdentifier>{8c5b3bbd-f97a-4002-b2ba-183cc37a59c4}</UniqueIdentifier>
    </Filter>
    <Filter Include="Source Files\Component\Animation">
      <UniqueIdentifier>{c3be50b8-6c74-4197-b3b9-12db9eff37d1}</UniqueIdentifier>
    </Filter>
    <Filter Include="Source Files\Component\Collision">
      <UniqueIdentifier>{bc3d6103-1a9c-410b-9ce2-1edd2932dc58}</UniqueIdentifier>
    </Filter>
    <Filter Include="Source Files\Component\Gravity">
      <UniqueIdentifier>{53b5df61-b66b-48e3-ab65-c95213ab3b96}</UniqueIdentifier>
    </Filter>
    <Filter Include="Source Files\Component\Mouvement">
      <UniqueIdentifier>{74204386-6e7e-48f5-8f76-48e2287d8218}</UniqueIdentifier>
    </Filter>
    <Filter Include="Source Files\Data\Font">
      <UniqueIdentifier>{d256cdc1-cfa7-444e-a09f-8ca4da1adc19}</UniqueIdentifier>
    </Filter>
    <Filter Include="Source Files\Data\Texture">
      <UniqueIdentifier>{ddc0dbaf-d1ea-43ea-b57f-fc1381c7eb0f}</UniqueIdentifier>
    </Filter>
    <Filter Include="Source Files\Data\UiData">
      <UniqueIdentifier>{3a0ed1e0-5c2b-4eec-b9e0-258bd1386da6}</UniqueIdentifier>
    </Filter>
    <Filter Include="Source Files\Entities\Character">
      <UniqueIdentifier>{0b232db4-4ec1-4a82-a9cd-71f852b7819a}</UniqueIdentifier>
    </Filter>
    <Filter Include="Source Files\Manager\Entity">
      <UniqueIdentifier>{98883191-a5cb-499c-a8ad-86313f5d4800}</UniqueIdentifier>
    </Filter>
    <Filter Include="Source Files\Data\Sound">
      <UniqueIdentifier>{275c100c-85ea-4cc1-88fb-6e83db65b73e}</UniqueIdentifier>
    </Filter>
    <Filter Include="Source Files\Data\Music">
      <UniqueIdentifier>{bec94f6a-2f64-42d6-b1fc-dbb2ba5a0fe9}</UniqueIdentifier>
    </Filter>
    <Filter Include="Source Files\Manager\Font">
      <UniqueIdentifier>{7959b43d-fd75-4186-bfa7-8a2a798e23d6}</UniqueIdentifier>
    </Filter>
    <Filter Include="Source Files\Manager\Map">
      <UniqueIdentifier>{ea7a9740-63b0-4af0-a544-019935f69182}</UniqueIdentifier>
    </Filter>
    <Filter Include="Source Files\Manager\Texture">
      <UniqueIdentifier>{ada2825b-f246-41c8-8752-39401b234b6e}</UniqueIdentifier>
    </Filter>
    <Filter Include="Source Files\Manager\Timer">
      <UniqueIdentifier>{e8d57211-df05-4776-b06f-53b85b411465}</UniqueIdentifier>
    </Filter>
    <Filter Include="Source Files\Manager\Ui">
      <UniqueIdentifier>{ad61c1d5-b083-44b3-9e70-64484d1495be}</UniqueIdentifier>
    </Filter>
    <Filter Include="Source Files\Data\Animation">
      <UniqueIdentifier>{340dc393-e76f-4465-9d0e-286533955526}</UniqueIdentifier>
    </Filter>
    <Filter Include="Source Files\Entities\Tiles\MovingTile">
      <UniqueIdentifier>{fdd5f921-db82-415c-ac95-7fc75c04c94e}</UniqueIdentifier>
    </Filter>
    <Filter Include="Source Files\Entities\Tiles\CheckPoint">
      <UniqueIdentifier>{22d970e6-0f92-4e65-8eb8-5b152d81b258}</UniqueIdentifier>
    </Filter>
    <Filter Include="Source Files\Snow">
      <UniqueIdentifier>{69d859e9-8462-4df8-81a9-86367144eed1}</UniqueIdentifier>
    </Filter>
    <Filter Include="Source Files\Entities\Tiles\FragileTile">
      <UniqueIdentifier>{97607aa4-08f2-453c-a1c6-d4bc30dd4a68}</UniqueIdentifier>
    </Filter>
    <Filter Include="Source Files\Entities\Tiles\Trap">
      <UniqueIdentifier>{0392a7d6-2300-4647-8808-f9eedd904026}</UniqueIdentifier>
    </Filter>
    <Filter Include="Source Files\Entities\Tiles\Trap\Spike">
      <UniqueIdentifier>{774aa8d3-92ac-48dd-a34e-802886e55cd0}</UniqueIdentifier>
    </Filter>
    <Filter Include="Source Files\Entities\Tiles\Strawberry">
      <UniqueIdentifier>{174534ee-ca49-467c-8ff7-1df03bb010c5}</UniqueIdentifier>
    </Filter>
    <Filter Include="Source Files\Entities\Tiles\EasterEgg">
      <UniqueIdentifier>{c6e3c7df-1856-461f-9938-a91090d0bc27}</UniqueIdentifier>
    </Filter>
    <Filter Include="Source Files\Entities\Tiles\FallingTile">
      <UniqueIdentifier>{766d29a0-c84d-4d4a-af4c-6f26106453db}</UniqueIdentifier>
    </Filter>
    <Filter Include="Source Files\Entities\Tiles\FragileWall">
      <UniqueIdentifier>{e90223d1-e5b9-471a-853e-1ca03090b43b}</UniqueIdentifier>
    </Filter>
    <Filter Include="Source Files\Entities\Tiles\GemDash">
      <UniqueIdentifier>{ae750c9f-9bae-42c5-bfc1-0dd73a024ffd}</UniqueIdentifier>
    </Filter>
    <Filter Include="Source Files\Entities\Tiles\OneDirectionTile">
      <UniqueIdentifier>{f1476f90-cf97-4810-9428-869dcfe313dd}</UniqueIdentifier>
    </Filter>
    <Filter Include="Source Files\Entities\Tiles\EasterEgg\OtherWindow">
      <UniqueIdentifier>{15750080-c053-4892-8e1a-2d1792970067}</UniqueIdentifier>
    </Filter>
    <Filter Include="Source Files\Entities\Tiles\End">
      <UniqueIdentifier>{86aa352b-f883-4df2-9829-9fbaee39060a}</UniqueIdentifier>
    </Filter>
    <Filter Include="Source Files\Entities\Character\Portal">
      <UniqueIdentifier>{a008b091-46cd-4856-8573-d7b6bca497e1}</UniqueIdentifier>
    </Filter>
    <Filter Include="Source Files\Entities\Tiles\GravityTile">
      <UniqueIdentifier>{021e3f67-91fe-40c6-9f57-c2935c432a03}</UniqueIdentifier>
    </Filter>
  </ItemGroup>
  <ItemGroup>
    <ClCompile Include="Main.cpp">
      <Filter>Source Files</Filter>
    </ClCompile>
    <ClCompile Include="Component.cpp">
      <Filter>Source Files\Component</Filter>
    </ClCompile>
    <ClCompile Include="Timer.cpp">
      <Filter>Source Files\Misc</Filter>
    </ClCompile>
    <ClCompile Include="EntityType.h">
      <Filter>Source Files\Entities</Filter>
    </ClCompile>
    <ClCompile Include="Entity.cpp">
      <Filter>Source Files\Entities</Filter>
    </ClCompile>
    <ClCompile Include="Map.cpp">
      <Filter>Source Files\MapRelated</Filter>
    </ClCompile>
    <ClCompile Include="SmallMap.cpp">
      <Filter>Source Files\MapRelated</Filter>
    </ClCompile>
    <ClCompile Include="BuildableUI.cpp">
      <Filter>Source Files\Misc</Filter>
    </ClCompile>
    <ClCompile Include="Grid.cpp">
      <Filter>Source Files\MapRelated</Filter>
    </ClCompile>
    <ClCompile Include="Tile.cpp">
      <Filter>Source Files\Entities\Tiles</Filter>
    </ClCompile>
    <ClCompile Include="EventReaction.cpp">
      <Filter>Source Files\Manager\InputManager</Filter>
    </ClCompile>
    <ClCompile Include="Camera.cpp">
      <Filter>Source Files\Manager\Camera</Filter>
    </ClCompile>
    <ClCompile Include="Game.cpp">
      <Filter>Source Files\Game</Filter>
    </ClCompile>
    <ClCompile Include="Menu.cpp">
      <Filter>Source Files\Menu</Filter>
    </ClCompile>
    <ClCompile Include="MusicManager.cpp">
      <Filter>Source Files\Manager\Music</Filter>
    </ClCompile>
    <ClCompile Include="Player.cpp">
      <Filter>Source Files\Game\Player</Filter>
    </ClCompile>
    <ClCompile Include="SoundManager.cpp">
      <Filter>Source Files\Manager\Sound</Filter>
    </ClCompile>
    <ClCompile Include="AnimationComponent.cpp">
      <Filter>Source Files\Component\Animation</Filter>
    </ClCompile>
    <ClCompile Include="CollisionComponent.cpp">
      <Filter>Source Files\Component\Collision</Filter>
    </ClCompile>
    <ClCompile Include="GravityComponent.cpp">
      <Filter>Source Files\Component\Gravity</Filter>
    </ClCompile>
    <ClCompile Include="MovementComponent.cpp">
      <Filter>Source Files\Component\Mouvement</Filter>
    </ClCompile>
    <ClCompile Include="FontData.cpp">
      <Filter>Source Files\Data\Font</Filter>
    </ClCompile>
    <ClCompile Include="TextureData.cpp">
      <Filter>Source Files\Data\Texture</Filter>
    </ClCompile>
    <ClCompile Include="UiData.cpp">
      <Filter>Source Files\Data\UiData</Filter>
    </ClCompile>
    <ClCompile Include="Character.cpp">
      <Filter>Source Files\Entities\Character</Filter>
    </ClCompile>
    <ClCompile Include="EntityManager.cpp">
      <Filter>Source Files\Manager\Entity</Filter>
    </ClCompile>
    <ClCompile Include="SoundData.cpp">
      <Filter>Source Files\Data\Sound</Filter>
    </ClCompile>
    <ClCompile Include="MusicData.cpp">
      <Filter>Source Files\Data\Music</Filter>
    </ClCompile>
    <ClCompile Include="FontManager.cpp">
      <Filter>Source Files\Manager\Font</Filter>
    </ClCompile>
    <ClCompile Include="MapManager.cpp">
      <Filter>Source Files\Manager\Map</Filter>
    </ClCompile>
    <ClCompile Include="TextureManager.cpp">
      <Filter>Source Files\Manager\Texture</Filter>
    </ClCompile>
    <ClCompile Include="TimerManager.cpp">
      <Filter>Source Files\Manager\Timer</Filter>
    </ClCompile>
    <ClCompile Include="UiManager.cpp">
      <Filter>Source Files\Manager\Ui</Filter>
    </ClCompile>
    <ClCompile Include="FontData.cpp">
      <Filter>Source Files\Data\Font</Filter>
    </ClCompile>
    <ClCompile Include="Animation.cpp">
      <Filter>Source Files\Data\Animation</Filter>
    </ClCompile>
    <ClCompile Include="AnimationComponent.cpp">
      <Filter>Source Files\Component\Animation</Filter>
    </ClCompile>
    <ClCompile Include="FontManager.cpp">
      <Filter>Source Files\Manager\Font</Filter>
    </ClCompile>
    <ClCompile Include="Snow.cpp">
      <Filter>Source Files\Snow</Filter>
    </ClCompile>
    <ClCompile Include="Snowflake.cpp">
      <Filter>Source Files\Snow</Filter>
    </ClCompile>
    <ClCompile Include="MenuOption.cpp">
      <Filter>Source Files\Menu</Filter>
    </ClCompile>
    <ClCompile Include="MenuSoundBoard.cpp">
      <Filter>Source Files\Menu</Filter>
    </ClCompile>
    <ClCompile Include="LevelSelectorMenu.cpp">
      <Filter>Source Files\Menu</Filter>
    </ClCompile>
    <ClCompile Include="Animation.cpp">
      <Filter>Header Files</Filter>
    </ClCompile>
    <ClCompile Include="FragileTile.cpp">
      <Filter>Source Files\Entities\Tiles\FragileTile</Filter>
    </ClCompile>
    <ClCompile Include="Trap.cpp">
      <Filter>Source Files\Entities\Tiles\Trap</Filter>
    </ClCompile>
    <ClCompile Include="Spike.cpp">
      <Filter>Source Files\Entities\Tiles\Trap\Spike</Filter>
    </ClCompile>
    <ClCompile Include="Strawberry.cpp">
      <Filter>Source Files\Entities\Tiles\Strawberry</Filter>
    </ClCompile>
    <ClCompile Include="MovingTile.cpp">
      <Filter>Source Files\Entities\Tiles\MovingTile</Filter>
    </ClCompile>
    <ClCompile Include="CheckPoint.cpp">
      <Filter>Source Files\Entities\Tiles\CheckPoint</Filter>
    </ClCompile>
    <ClCompile Include="EasterEgg.cpp">
      <Filter>Source Files\Entities\Tiles\EasterEgg</Filter>
    </ClCompile>
    <ClCompile Include="FallingTile.cpp">
      <Filter>Source Files\Entities\Tiles\FallingTile</Filter>
    </ClCompile>
    <ClCompile Include="FragileWallTile.cpp">
      <Filter>Source Files\Entities\Tiles\FragileWall</Filter>
    </ClCompile>
    <ClCompile Include="FirstMenu.cpp">
      <Filter>Source Files\Menu</Filter>
    </ClCompile>
    <ClCompile Include="GemDash.cpp">
      <Filter>Source Files\Entities\Tiles\GemDash</Filter>
    </ClCompile>
    <ClCompile Include="MenuEndLevel.cpp">
      <Filter>Source Files\Menu</Filter>
    </ClCompile>
    <ClCompile Include="OneDirectionTile.cpp">
      <Filter>Source Files\Entities\Tiles\OneDirectionTile</Filter>
    </ClCompile>
    <ClCompile Include="OtherWindow.cpp">
      <Filter>Source Files\Entities\Tiles\EasterEgg\OtherWindow</Filter>
    </ClCompile>
    <ClCompile Include="TileEnd.cpp">
      <Filter>Source Files\Entities\Tiles\End</Filter>
    </ClCompile>
    <ClCompile Include="Portal.cpp">
      <Filter>Source Files\Entities\Character\Portal</Filter>
    </ClCompile>
    <ClCompile Include="Spike.cpp">
      <Filter>Source Files\Entities\Tiles\Trap\Spike</Filter>
    </ClCompile>
    <ClCompile Include="Trap.cpp">
      <Filter>Source Files\Entities\Tiles\Trap</Filter>
    </ClCompile>
    <ClCompile Include="Dialog.cpp">
      <Filter>Source Files\Menu</Filter>
    </ClCompile>
    <ClCompile Include="LoadingLogo.cpp">
      <Filter>Source Files</Filter>
    </ClCompile>
    <ClCompile Include="GravityTile.cpp">
      <Filter>Source Files\Entities\Tiles\GravityTile</Filter>
    </ClCompile>
  </ItemGroup>
  <ItemGroup>
    <ClInclude Include="Component.h">
      <Filter>Source Files\Component</Filter>
    </ClInclude>
    <ClInclude Include="StreamManager.h">
      <Filter>Source Files\Manager</Filter>
    </ClInclude>
    <ClInclude Include="Singleton.h">
      <Filter>Source Files\Manager</Filter>
    </ClInclude>
    <ClInclude Include="IManageable.h">
      <Filter>Source Files\Interfaces</Filter>
    </ClInclude>
    <ClInclude Include="IManager.h">
      <Filter>Source Files\Interfaces</Filter>
    </ClInclude>
    <ClInclude Include="Timer.h">
      <Filter>Source Files\Misc</Filter>
    </ClInclude>
    <ClInclude Include="Entity.h">
      <Filter>Source Files\Entities</Filter>
    </ClInclude>
    <ClInclude Include="SmallMap.h">
      <Filter>Source Files\MapRelated</Filter>
    </ClInclude>
    <ClInclude Include="Map.h">
      <Filter>Source Files\MapRelated</Filter>
    </ClInclude>
    <ClInclude Include="BuildableUI.h">
      <Filter>Source Files\Misc</Filter>
    </ClInclude>
    <ClInclude Include="Grid.h">
      <Filter>Source Files\MapRelated</Filter>
    </ClInclude>
    <ClInclude Include="Tile.h">
      <Filter>Source Files\Entities\Tiles</Filter>
    </ClInclude>
    <ClInclude Include="EventReaction.h">
      <Filter>Source Files\Manager\InputManager</Filter>
    </ClInclude>
    <ClInclude Include="EventReactionManager.h">
      <Filter>Source Files\Manager\InputManager</Filter>
    </ClInclude>
    <ClInclude Include="Camera.h">
      <Filter>Source Files\Manager\Camera</Filter>
    </ClInclude>
    <ClInclude Include="Game.h">
      <Filter>Source Files\Game</Filter>
    </ClInclude>
    <ClInclude Include="Macro.h">
      <Filter>Source Files\Macro</Filter>
    </ClInclude>
    <ClInclude Include="Menu.h">
      <Filter>Source Files\Menu</Filter>
    </ClInclude>
    <ClInclude Include="MusicManager.h">
      <Filter>Source Files\Manager\Music</Filter>
    </ClInclude>
    <ClInclude Include="Player.h">
      <Filter>Source Files\Game\Player</Filter>
    </ClInclude>
    <ClInclude Include="SoundManager.h">
      <Filter>Source Files\Manager\Sound</Filter>
    </ClInclude>
    <ClInclude Include="AnimationComponent.h">
      <Filter>Source Files\Component\Animation</Filter>
    </ClInclude>
    <ClInclude Include="CollisionComponent.h">
      <Filter>Source Files\Component\Collision</Filter>
    </ClInclude>
    <ClInclude Include="GravityComponent.h">
      <Filter>Source Files\Component\Gravity</Filter>
    </ClInclude>
    <ClInclude Include="MovementComponent.h">
      <Filter>Source Files\Component\Mouvement</Filter>
    </ClInclude>
    <ClInclude Include="FontData.h">
      <Filter>Source Files\Data\Font</Filter>
    </ClInclude>
    <ClInclude Include="TextureData.h">
      <Filter>Source Files\Data\Texture</Filter>
    </ClInclude>
    <ClInclude Include="UiData.h">
      <Filter>Source Files\Data\UiData</Filter>
    </ClInclude>
    <ClInclude Include="Character.h">
      <Filter>Source Files\Entities\Character</Filter>
    </ClInclude>
    <ClInclude Include="EntityManager.h">
      <Filter>Source Files\Manager\Entity</Filter>
    </ClInclude>
    <ClInclude Include="SoundData.h">
      <Filter>Source Files\Data\Sound</Filter>
    </ClInclude>
    <ClInclude Include="MusicData.h">
      <Filter>Source Files\Data\Music</Filter>
    </ClInclude>
    <ClInclude Include="FontManager.h">
      <Filter>Source Files\Manager\Font</Filter>
    </ClInclude>
    <ClInclude Include="MapManager.h">
      <Filter>Source Files\Manager\Map</Filter>
    </ClInclude>
    <ClInclude Include="TextureManager.h">
      <Filter>Source Files\Manager\Texture</Filter>
    </ClInclude>
    <ClInclude Include="TimerManager.h">
      <Filter>Source Files\Manager\Timer</Filter>
    </ClInclude>
    <ClInclude Include="UiManager.h">
      <Filter>Source Files\Manager\Ui</Filter>
    </ClInclude>
    <ClInclude Include="FontData.h">
      <Filter>Source Files\Data\Font</Filter>
    </ClInclude>
    <ClInclude Include="Animation.h">
      <Filter>Source Files\Data\Animation</Filter>
    </ClInclude>
    <ClInclude Include="AnimationComponent.h">
      <Filter>Source Files\Component\Animation</Filter>
    </ClInclude>
    <ClInclude Include="FontManager.h">
      <Filter>Source Files\Manager\Font</Filter>
    </ClInclude>
    <ClInclude Include="Snow.h">
      <Filter>Source Files\Snow</Filter>
    </ClInclude>
    <ClInclude Include="Snowflake.h">
      <Filter>Source Files\Snow</Filter>
    </ClInclude>
    <ClInclude Include="LevelSelectorMenu.h">
      <Filter>Source Files\Menu</Filter>
    </ClInclude>
    <ClInclude Include="MenuOption.h">
      <Filter>Source Files\Menu</Filter>
    </ClInclude>
    <ClInclude Include="MenuSoundBoard.h">
      <Filter>Source Files\Menu</Filter>
    </ClInclude>
    <ClInclude Include="Animation.h">
      <Filter>Source Files\Data\Animation</Filter>
    </ClInclude>
    <ClInclude Include="MultimapManager.h">
      <Filter>Source Files\Manager\Map</Filter>
    </ClInclude>
    <ClInclude Include="CheckPoint.h">
      <Filter>Source Files\Entities\Tiles\CheckPoint</Filter>
    </ClInclude>
    <ClInclude Include="FragileTile.h">
      <Filter>Source Files\Entities\Tiles\FragileTile</Filter>
    </ClInclude>
    <ClInclude Include="Trap.h">
      <Filter>Source Files\Entities\Tiles\Trap</Filter>
    </ClInclude>
    <ClInclude Include="Spike.h">
      <Filter>Source Files\Entities\Tiles\Trap\Spike</Filter>
    </ClInclude>
    <ClInclude Include="Strawberry.h">
      <Filter>Source Files\Entities\Tiles\Strawberry</Filter>
    </ClInclude>
    <ClInclude Include="MovingTile.h">
      <Filter>Source Files\Entities\Tiles\MovingTile</Filter>
    </ClInclude>
    <ClInclude Include="EasterEgg.h">
      <Filter>Source Files\Entities\Tiles\EasterEgg</Filter>
    </ClInclude>
    <ClInclude Include="FallingTile.h">
      <Filter>Source Files\Entities\Tiles\FallingTile</Filter>
    </ClInclude>
    <ClInclude Include="FragileWallTile.h">
      <Filter>Source Files\Entities\Tiles\FragileWall</Filter>
    </ClInclude>
    <ClInclude Include="FirstMenu.h">
      <Filter>Source Files\Menu</Filter>
    </ClInclude>
    <ClInclude Include="GemDash.h">
      <Filter>Source Files\Entities\Tiles\GemDash</Filter>
    </ClInclude>
    <ClInclude Include="OneDirectionTile.h">
      <Filter>Source Files\Entities\Tiles\OneDirectionTile</Filter>
    </ClInclude>
    <ClInclude Include="OtherWindow.h">
      <Filter>Source Files\Entities\Tiles\EasterEgg\OtherWindow</Filter>
    </ClInclude>
    <ClInclude Include="TileEnd.h">
      <Filter>Source Files\Entities\Tiles\End</Filter>
    </ClInclude>
    <ClInclude Include="Portal.h">
      <Filter>Source Files\Entities\Character\Portal</Filter>
    </ClInclude>
    <ClInclude Include="MenuEndLevel.h">
      <Filter>Source Files\Menu</Filter>
    </ClInclude>
    <ClInclude Include="Spike.h">
      <Filter>Source Files\Entities\Tiles\Trap\Spike</Filter>
    </ClInclude>
    <ClInclude Include="Trap.h">
      <Filter>Source Files\Entities\Tiles\Trap</Filter>
    </ClInclude>
    <ClInclude Include="Dialog.h">
      <Filter>Source Files\Menu</Filter>
    </ClInclude>
    <ClInclude Include="LoadingLogo.h">
      <Filter>Header Files</Filter>
    </ClInclude>
    <ClInclude Include="GravityTile.h">
      <Filter>Source Files\Entities\Tiles\GravityTile</Filter>
    </ClInclude>
  </ItemGroup>
</Project>